
Microsoft Visual Studio Solution File, Format Version 12.00
# Visual Studio Version 16
VisualStudioVersion = 16.0.31424.327
MinimumVisualStudioVersion = 10.0.40219.1
Project("{FAE04EC0-301F-11D3-BF4B-00C04F79EFBC}") = "ELIXIR.API", "ELIXIR.API\ELIXIR.API.csproj", "{8B60539C-E170-4547-B7DF-7EBEBEA3578A}"
EndProject
Project("{FAE04EC0-301F-11D3-BF4B-00C04F79EFBC}") = "ELIXIR.DATA", "ELIXIR.DATA\ELIXIR.DATA.csproj", "{AF7603C8-3B12-44CC-972E-253074171E6C}"
EndProject
Global
	GlobalSection(SolutionConfigurationPlatforms) = preSolution
		Debug|Any CPU = Debug|Any CPU
		Release|Any CPU = Release|Any CPU
	EndGlobalSection
	GlobalSection(ProjectConfigurationPlatforms) = postSolution
		{8B60539C-E170-4547-B7DF-7EBEBEA3578A}.Debug|Any CPU.ActiveCfg = Debug|Any CPU
		{8B60539C-E170-4547-B7DF-7EBEBEA3578A}.Debug|Any CPU.Build.0 = Debug|Any CPU
		{8B60539C-E170-4547-B7DF-7EBEBEA3578A}.Release|Any CPU.ActiveCfg = Release|Any CPU
		{8B60539C-E170-4547-B7DF-7EBEBEA3578A}.Release|Any CPU.Build.0 = Release|Any CPU
		{AF7603C8-3B12-44CC-972E-253074171E6C}.Debug|Any CPU.ActiveCfg = Debug|Any CPU
		{AF7603C8-3B12-44CC-972E-253074171E6C}.Debug|Any CPU.Build.0 = Debug|Any CPU
		{AF7603C8-3B12-44CC-972E-253074171E6C}.Release|Any CPU.ActiveCfg = Release|Any CPU
		{AF7603C8-3B12-44CC-972E-253074171E6C}.Release|Any CPU.Build.0 = Release|Any CPU
	EndGlobalSection
	GlobalSection(SolutionProperties) = preSolution
		HideSolutionNode = FALSE
	EndGlobalSection
	GlobalSection(ExtensibilityGlobals) = postSolution
		SolutionGuid = {5CF65C80-0740-481C-AD93-2BF74401BA7B}
	EndGlobalSection
EndGlobal
